// !$*UTF8*$!
{
	archiveVersion = 1;
	classes = {
	};
	objectVersion = 46;
	objects = {

/* Begin PBXBuildFile section */
		42417E211E0659D7004DD251 /* AppDelegate.swift in Sources */ = {isa = PBXBuildFile; fileRef = 42417E201E0659D7004DD251 /* AppDelegate.swift */; };
		42417E261E0659D7004DD251 /* Main.storyboard in Resources */ = {isa = PBXBuildFile; fileRef = 42417E241E0659D7004DD251 /* Main.storyboard */; };
		42417E281E0659D7004DD251 /* Assets.xcassets in Resources */ = {isa = PBXBuildFile; fileRef = 42417E271E0659D7004DD251 /* Assets.xcassets */; };
		42417E2B1E0659D7004DD251 /* LaunchScreen.storyboard in Resources */ = {isa = PBXBuildFile; fileRef = 42417E291E0659D7004DD251 /* LaunchScreen.storyboard */; };
		42417E351E065AAF004DD251 /* BoardView.swift in Sources */ = {isa = PBXBuildFile; fileRef = 42417E341E065AAF004DD251 /* BoardView.swift */; };
		42417E3A1E065E1A004DD251 /* Constants.swift in Sources */ = {isa = PBXBuildFile; fileRef = 42417E391E065E1A004DD251 /* Constants.swift */; };
		42417E3C1E066572004DD251 /* PieceView.swift in Sources */ = {isa = PBXBuildFile; fileRef = 42417E3B1E066572004DD251 /* PieceView.swift */; };
		42417E3E1E066729004DD251 /* ChessViewController.swift in Sources */ = {isa = PBXBuildFile; fileRef = 42417E3D1E066729004DD251 /* ChessViewController.swift */; };
		42417E431E067BF7004DD251 /* BoardModel.swift in Sources */ = {isa = PBXBuildFile; fileRef = 42417E421E067BF7004DD251 /* BoardModel.swift */; };
		42417E451E068AA3004DD251 /* TileView.swift in Sources */ = {isa = PBXBuildFile; fileRef = 42417E441E068AA3004DD251 /* TileView.swift */; };
		42417E471E0743A6004DD251 /* PieceModel.swift in Sources */ = {isa = PBXBuildFile; fileRef = 42417E461E0743A6004DD251 /* PieceModel.swift */; };
		4252FA801E1B1074006349CC /* AIProgressView.swift in Sources */ = {isa = PBXBuildFile; fileRef = 4252FA7F1E1B1074006349CC /* AIProgressView.swift */; };
		426BFC201E1A2373005FE57C /* CaptureView.swift in Sources */ = {isa = PBXBuildFile; fileRef = 426BFC1F1E1A2373005FE57C /* CaptureView.swift */; };
/* End PBXBuildFile section */

/* Begin PBXFileReference section */
		42417E1D1E0659D7004DD251 /* Chess.app */ = {isa = PBXFileReference; explicitFileType = wrapper.application; includeInIndex = 0; path = Chess.app; sourceTree = BUILT_PRODUCTS_DIR; };
		42417E201E0659D7004DD251 /* AppDelegate.swift */ = {isa = PBXFileReference; lastKnownFileType = sourcecode.swift; path = AppDelegate.swift; sourceTree = "<group>"; };
		42417E251E0659D7004DD251 /* Base */ = {isa = PBXFileReference; lastKnownFileType = file.storyboard; name = Base; path = Base.lproj/Main.storyboard; sourceTree = "<group>"; };
		42417E271E0659D7004DD251 /* Assets.xcassets */ = {isa = PBXFileReference; lastKnownFileType = folder.assetcatalog; path = Assets.xcassets; sourceTree = "<group>"; };
		42417E2A1E0659D7004DD251 /* Base */ = {isa = PBXFileReference; lastKnownFileType = file.storyboard; name = Base; path = Base.lproj/LaunchScreen.storyboard; sourceTree = "<group>"; };
		42417E2C1E0659D7004DD251 /* Info.plist */ = {isa = PBXFileReference; lastKnownFileType = text.plist.xml; path = Info.plist; sourceTree = "<group>"; };
		42417E341E065AAF004DD251 /* BoardView.swift */ = {isa = PBXFileReference; fileEncoding = 4; lastKnownFileType = sourcecode.swift; path = BoardView.swift; sourceTree = "<group>"; };
		42417E391E065E1A004DD251 /* Constants.swift */ = {isa = PBXFileReference; fileEncoding = 4; lastKnownFileType = sourcecode.swift; path = Constants.swift; sourceTree = "<group>"; };
		42417E3B1E066572004DD251 /* PieceView.swift */ = {isa = PBXFileReference; fileEncoding = 4; lastKnownFileType = sourcecode.swift; path = PieceView.swift; sourceTree = "<group>"; };
		42417E3D1E066729004DD251 /* ChessViewController.swift */ = {isa = PBXFileReference; fileEncoding = 4; lastKnownFileType = sourcecode.swift; path = ChessViewController.swift; sourceTree = "<group>"; };
		42417E421E067BF7004DD251 /* BoardModel.swift */ = {isa = PBXFileReference; fileEncoding = 4; lastKnownFileType = sourcecode.swift; path = BoardModel.swift; sourceTree = "<group>"; };
		42417E441E068AA3004DD251 /* TileView.swift */ = {isa = PBXFileReference; fileEncoding = 4; lastKnownFileType = sourcecode.swift; path = TileView.swift; sourceTree = "<group>"; };
		42417E461E0743A6004DD251 /* PieceModel.swift */ = {isa = PBXFileReference; fileEncoding = 4; lastKnownFileType = sourcecode.swift; path = PieceModel.swift; sourceTree = "<group>"; };
		4252FA7F1E1B1074006349CC /* AIProgressView.swift */ = {isa = PBXFileReference; fileEncoding = 4; lastKnownFileType = sourcecode.swift; path = AIProgressView.swift; sourceTree = "<group>"; };
		426BFC1F1E1A2373005FE57C /* CaptureView.swift */ = {isa = PBXFileReference; fileEncoding = 4; lastKnownFileType = sourcecode.swift; path = CaptureView.swift; sourceTree = "<group>"; };
/* End PBXFileReference section */

/* Begin PBXFrameworksBuildPhase section */
		42417E1A1E0659D7004DD251 /* Frameworks */ = {
			isa = PBXFrameworksBuildPhase;
			buildActionMask = 2147483647;
			files = (
			);
			runOnlyForDeploymentPostprocessing = 0;
		};
/* End PBXFrameworksBuildPhase section */

/* Begin PBXGroup section */
		42417E141E0659D7004DD251 = {
			isa = PBXGroup;
			children = (
				42417E1F1E0659D7004DD251 /* Chess */,
				42417E1E1E0659D7004DD251 /* Products */,
			);
			sourceTree = "<group>";
		};
		42417E1E1E0659D7004DD251 /* Products */ = {
			isa = PBXGroup;
			children = (
				42417E1D1E0659D7004DD251 /* Chess.app */,
			);
			name = Products;
			sourceTree = "<group>";
		};
		42417E1F1E0659D7004DD251 /* Chess */ = {
			isa = PBXGroup;
			children = (
				42417E391E065E1A004DD251 /* Constants.swift */,
				42417E411E067BB7004DD251 /* Model */,
				42417E371E065ABD004DD251 /* View Controllers */,
				42417E361E065AB6004DD251 /* Views */,
				42417E241E0659D7004DD251 /* Main.storyboard */,
				42417E271E0659D7004DD251 /* Assets.xcassets */,
				42417E2C1E0659D7004DD251 /* Info.plist */,
				42417E381E065ACB004DD251 /* Other */,
			);
			path = Chess;
			sourceTree = "<group>";
		};
		42417E361E065AB6004DD251 /* Views */ = {
			isa = PBXGroup;
			children = (
				42417E341E065AAF004DD251 /* BoardView.swift */,
				426BFC1F1E1A2373005FE57C /* CaptureView.swift */,
				4252FA7F1E1B1074006349CC /* AIProgressView.swift */,
				42417E3B1E066572004DD251 /* PieceView.swift */,
				42417E441E068AA3004DD251 /* TileView.swift */,
			);
			name = Views;
			sourceTree = "<group>";
		};
		42417E371E065ABD004DD251 /* View Controllers */ = {
			isa = PBXGroup;
			children = (
				42417E3D1E066729004DD251 /* ChessViewController.swift */,
			);
			name = "View Controllers";
			sourceTree = "<group>";
		};
		42417E381E065ACB004DD251 /* Other */ = {
			isa = PBXGroup;
			children = (
				42417E291E0659D7004DD251 /* LaunchScreen.storyboard */,
				42417E201E0659D7004DD251 /* AppDelegate.swift */,
			);
			name = Other;
			sourceTree = "<group>";
		};
		42417E411E067BB7004DD251 /* Model */ = {
			isa = PBXGroup;
			children = (
				42417E421E067BF7004DD251 /* BoardModel.swift */,
				42417E461E0743A6004DD251 /* PieceModel.swift */,
			);
			name = Model;
			sourceTree = "<group>";
		};
/* End PBXGroup section */

/* Begin PBXNativeTarget section */
		42417E1C1E0659D7004DD251 /* Chess */ = {
			isa = PBXNativeTarget;
			buildConfigurationList = 42417E2F1E0659D7004DD251 /* Build configuration list for PBXNativeTarget "Chess" */;
			buildPhases = (
				42417E191E0659D7004DD251 /* Sources */,
				42417E1A1E0659D7004DD251 /* Frameworks */,
				42417E1B1E0659D7004DD251 /* Resources */,
			);
			buildRules = (
			);
			dependencies = (
			);
			name = Chess;
			productName = Chess;
			productReference = 42417E1D1E0659D7004DD251 /* Chess.app */;
			productType = "com.apple.product-type.application";
		};
/* End PBXNativeTarget section */

/* Begin PBXProject section */
		42417E151E0659D7004DD251 /* Project object */ = {
			isa = PBXProject;
			attributes = {
				LastSwiftUpdateCheck = 0820;
				LastUpgradeCheck = 0820;
				ORGANIZATIONNAME = "Kirby Gee";
				TargetAttributes = {
					42417E1C1E0659D7004DD251 = {
						CreatedOnToolsVersion = 8.2;
						DevelopmentTeam = 767G9VAVBQ;
						ProvisioningStyle = Automatic;
					};
				};
			};
			buildConfigurationList = 42417E181E0659D7004DD251 /* Build configuration list for PBXProject "Chess" */;
			compatibilityVersion = "Xcode 3.2";
			developmentRegion = English;
			hasScannedForEncodings = 0;
			knownRegions = (
				en,
				Base,
			);
			mainGroup = 42417E141E0659D7004DD251;
			productRefGroup = 42417E1E1E0659D7004DD251 /* Products */;
			projectDirPath = "";
			projectRoot = "";
			targets = (
				42417E1C1E0659D7004DD251 /* Chess */,
			);
		};
/* End PBXProject section */

/* Begin PBXResourcesBuildPhase section */
		42417E1B1E0659D7004DD251 /* Resources */ = {
			isa = PBXResourcesBuildPhase;
			buildActionMask = 2147483647;
			files = (
				42417E2B1E0659D7004DD251 /* LaunchScreen.storyboard in Resources */,
				42417E281E0659D7004DD251 /* Assets.xcassets in Resources */,
				42417E261E0659D7004DD251 /* Main.storyboard in Resources */,
			);
			runOnlyForDeploymentPostprocessing = 0;
		};
/* End PBXResourcesBuildPhase section */

/* Begin PBXSourcesBuildPhase section */
		42417E191E0659D7004DD251 /* Sources */ = {
			isa = PBXSourcesBuildPhase;
			buildActionMask = 2147483647;
			files = (
				42417E431E067BF7004DD251 /* BoardModel.swift in Sources */,
				42417E451E068AA3004DD251 /* TileView.swift in Sources */,
				426BFC201E1A2373005FE57C /* CaptureView.swift in Sources */,
				42417E471E0743A6004DD251 /* PieceModel.swift in Sources */,
				42417E3C1E066572004DD251 /* PieceView.swift in Sources */,
				42417E351E065AAF004DD251 /* BoardView.swift in Sources */,
				42417E211E0659D7004DD251 /* AppDelegate.swift in Sources */,
				42417E3A1E065E1A004DD251 /* Constants.swift in Sources */,
				42417E3E1E066729004DD251 /* ChessViewController.swift in Sources */,
				4252FA801E1B1074006349CC /* AIProgressView.swift in Sources */,
			);
			runOnlyForDeploymentPostprocessing = 0;
		};
/* End PBXSourcesBuildPhase section */

/* Begin PBXVariantGroup section */
		42417E241E0659D7004DD251 /* Main.storyboard */ = {
			isa = PBXVariantGroup;
			children = (
				42417E251E0659D7004DD251 /* Base */,
			);
			name = Main.storyboard;
			sourceTree = "<group>";
		};
		42417E291E0659D7004DD251 /* LaunchScreen.storyboard */ = {
			isa = PBXVariantGroup;
			children = (
				42417E2A1E0659D7004DD251 /* Base */,
			);
			name = LaunchScreen.storyboard;
			sourceTree = "<group>";
		};
/* End PBXVariantGroup section */

/* Begin XCBuildConfiguration section */
		42417E2D1E0659D7004DD251 /* Debug */ = {
			isa = XCBuildConfiguration;
			buildSettings = {
				ALWAYS_SEARCH_USER_PATHS = NO;
				CLANG_ANALYZER_NONNULL = YES;
				CLANG_CXX_LANGUAGE_STANDARD = "gnu++0x";
				CLANG_CXX_LIBRARY = "libc++";
				CLANG_ENABLE_MODULES = YES;
				CLANG_ENABLE_OBJC_ARC = YES;
				CLANG_WARN_BOOL_CONVERSION = YES;
				CLANG_WARN_CONSTANT_CONVERSION = YES;
				CLANG_WARN_DIRECT_OBJC_ISA_USAGE = YES_ERROR;
				CLANG_WARN_DOCUMENTATION_COMMENTS = YES;
				CLANG_WARN_EMPTY_BODY = YES;
				CLANG_WARN_ENUM_CONVERSION = YES;
				CLANG_WARN_INFINITE_RECURSION = YES;
				CLANG_WARN_INT_CONVERSION = YES;
				CLANG_WARN_OBJC_ROOT_CLASS = YES_ERROR;
				CLANG_WARN_SUSPICIOUS_MOVE = YES;
				CLANG_WARN_UNREACHABLE_CODE = YES;
				CLANG_WARN__DUPLICATE_METHOD_MATCH = YES;
				"CODE_SIGN_IDENTITY[sdk=iphoneos*]" = "iPhone Developer";
				COPY_PHASE_STRIP = NO;
				DEBUG_INFORMATION_FORMAT = dwarf;
				ENABLE_STRICT_OBJC_MSGSEND = YES;
				ENABLE_TESTABILITY = YES;
				GCC_C_LANGUAGE_STANDARD = gnu99;
				GCC_DYNAMIC_NO_PIC = NO;
				GCC_NO_COMMON_BLOCKS = YES;
				GCC_OPTIMIZATION_LEVEL = 0;
				GCC_PREPROCESSOR_DEFINITIONS = (
					"DEBUG=1",
					"$(inherited)",
				);
				GCC_WARN_64_TO_32_BIT_CONVERSION = YES;
				GCC_WARN_ABOUT_RETURN_TYPE = YES_ERROR;
				GCC_WARN_UNDECLARED_SELECTOR = YES;
				GCC_WARN_UNINITIALIZED_AUTOS = YES_AGGRESSIVE;
				GCC_WARN_UNUSED_FUNCTION = YES;
				GCC_WARN_UNUSED_VARIABLE = YES;
				IPHONEOS_DEPLOYMENT_TARGET = 10.2;
				MTL_ENABLE_DEBUG_INFO = YES;
				ONLY_ACTIVE_ARCH = YES;
				SDKROOT = iphoneos;
				SWIFT_ACTIVE_COMPILATION_CONDITIONS = DEBUG;
				SWIFT_OPTIMIZATION_LEVEL = "-Onone";
				TARGETED_DEVICE_FAMILY = "1,2";
			};
			name = Debug;
		};
		42417E2E1E0659D7004DD251 /* Release */ = {
			isa = XCBuildConfiguration;
			buildSettings = {
				ALWAYS_SEARCH_USER_PATHS = NO;
				CLANG_ANALYZER_NONNULL = YES;
				CLANG_CXX_LANGUAGE_STANDARD = "gnu++0x";
				CLANG_CXX_LIBRARY = "libc++";
				CLANG_ENABLE_MODULES = YES;
				CLANG_ENABLE_OBJC_ARC = YES;
				CLANG_WARN_BOOL_CONVERSION = YES;
				CLANG_WARN_CONSTANT_CONVERSION = YES;
				CLANG_WARN_DIRECT_OBJC_ISA_USAGE = YES_ERROR;
				CLANG_WARN_DOCUMENTATION_COMMENTS = YES;
				CLANG_WARN_EMPTY_BODY = YES;
				CLANG_WARN_ENUM_CONVERSION = YES;
				CLANG_WARN_INFINITE_RECURSION = YES;
				CLANG_WARN_INT_CONVERSION = YES;
				CLANG_WARN_OBJC_ROOT_CLASS = YES_ERROR;
				CLANG_WARN_SUSPICIOUS_MOVE = YES;
				CLANG_WARN_UNREACHABLE_CODE = YES;
				CLANG_WARN__DUPLICATE_METHOD_MATCH = YES;
				"CODE_SIGN_IDENTITY[sdk=iphoneos*]" = "iPhone Developer";
				COPY_PHASE_STRIP = NO;
				DEBUG_INFORMATION_FORMAT = "dwarf-with-dsym";
				ENABLE_NS_ASSERTIONS = NO;
				ENABLE_STRICT_OBJC_MSGSEND = YES;
				GCC_C_LANGUAGE_STANDARD = gnu99;
				GCC_NO_COMMON_BLOCKS = YES;
				GCC_WARN_64_TO_32_BIT_CONVERSION = YES;
				GCC_WARN_ABOUT_RETURN_TYPE = YES_ERROR;
				GCC_WARN_UNDECLARED_SELECTOR = YES;
				GCC_WARN_UNINITIALIZED_AUTOS = YES_AGGRESSIVE;
				GCC_WARN_UNUSED_FUNCTION = YES;
				GCC_WARN_UNUSED_VARIABLE = YES;
				IPHONEOS_DEPLOYMENT_TARGET = 10.2;
				MTL_ENABLE_DEBUG_INFO = NO;
				SDKROOT = iphoneos;
				SWIFT_OPTIMIZATION_LEVEL = "-Owholemodule";
				TARGETED_DEVICE_FAMILY = "1,2";
				VALIDATE_PRODUCT = YES;
			};
			name = Release;
		};
		42417E301E0659D7004DD251 /* Debug */ = {
			isa = XCBuildConfiguration;
			buildSettings = {
				ASSETCATALOG_COMPILER_APPICON_NAME = AppIcon;
				DEVELOPMENT_TEAM = 767G9VAVBQ;
				INFOPLIST_FILE = Chess/Info.plist;
				IPHONEOS_DEPLOYMENT_TARGET = 10.0;
				LD_RUNPATH_SEARCH_PATHS = "$(inherited) @executable_path/Frameworks";
				PRODUCT_BUNDLE_IDENTIFIER = com.geewhiz.kirby.Chess;
				PRODUCT_NAME = "$(TARGET_NAME)";
				SWIFT_VERSION = 3.0;
			};
			name = Debug;
		};
		42417E311E0659D7004DD251 /* Release */ = {
			isa = XCBuildConfiguration;
			buildSettings = {
				ASSETCATALOG_COMPILER_APPICON_NAME = AppIcon;
				DEVELOPMENT_TEAM = 767G9VAVBQ;
				INFOPLIST_FILE = Chess/Info.plist;
				IPHONEOS_DEPLOYMENT_TARGET = 10.0;
				LD_RUNPATH_SEARCH_PATHS = "$(inherited) @executable_path/Frameworks";
				PRODUCT_BUNDLE_IDENTIFIER = com.geewhiz.kirby.Chess;
				PRODUCT_NAME = "$(TARGET_NAME)";
				SWIFT_VERSION = 3.0;
			};
			name = Release;
		};
/* End XCBuildConfiguration section */

/* Begin XCConfigurationList section */
		42417E181E0659D7004DD251 /* Build configuration list for PBXProject "Chess" */ = {
			isa = XCConfigurationList;
			buildConfigurations = (
				42417E2D1E0659D7004DD251 /* Debug */,
				42417E2E1E0659D7004DD251 /* Release */,
			);
			defaultConfigurationIsVisible = 0;
			defaultConfigurationName = Release;
		};
		42417E2F1E0659D7004DD251 /* Build configuration list for PBXNativeTarget "Chess" */ = {
			isa = XCConfigurationList;
			buildConfigurations = (
				42417E301E0659D7004DD251 /* Debug */,
				42417E311E0659D7004DD251 /* Release */,
			);
			defaultConfigurationIsVisible = 0;
			defaultConfigurationName = Release;
		};
/* End XCConfigurationList section */
	};
	rootObject = 42417E151E0659D7004DD251 /* Project object */;
}
